PATH
  remote: .
  specs:
    ruby_dsp (0.0.0)

GEM
  remote: https://rubygems.org/
  specs:
    rake (13.3.1)
    rake-compiler (1.3.1)
      rake
    rice (4.11.2)

PLATFORMS
  ruby
  x86_64-linux

DEPENDENCIES
  rake-compiler
  rice
  ruby_dsp!

CHECKSUMS
  rake (13.3.1) sha256=8c9e89d09f66a26a01264e7e3480ec0607f0c497a861ef16063604b1b08eb19c
  rake-compiler (1.3.1) sha256=6b351612b6e2d73ddd5563ee799bb58685176e05363db6758504bd11573d670a
  rice (4.11.2) sha256=0a66ff296a2d3d71f47991a3278e20aa03e0cafaa2fa22ec980f999d112920f5
  ruby_dsp (0.0.0)

BUNDLED WITH
  4.0.7
